
Microsoft Visual Studio Solution File, Format Version 12.00
# Visual Studio 15
Project("{FAE04EC0-301F-11D3-BF4B-00C04F79EFBC}") = "Assembly-CSharp", "Assembly-CSharp.csproj", "{C9D90993-220B-E5CC-4DEA-BA6F3BCC5D3A}"
EndProject
Project("{FAE04EC0-301F-11D3-BF4B-00C04F79EFBC}") = "Assembly-CSharp-firstpass", "Assembly-CSharp-firstpass.csproj", "{270FFABA-6E38-2789-D309-8A68FCE632A1}"
EndProject
Project("{FAE04EC0-301F-11D3-BF4B-00C04F79EFBC}") = "Assembly-CSharp-Editor", "Assembly-CSharp-Editor.csproj", "{0456A56D-DC43-9E58-D751-B89F5EC9C135}"
EndProject
Project("{FAE04EC0-301F-11D3-BF4B-00C04F79EFBC}") = "Assembly-CSharp-Editor-firstpass", "Assembly-CSharp-Editor-firstpass.csproj", "{482144E6-71AD-7489-80A8-D5C99058DF61}"
EndProject
Global
	GlobalSection(SolutionConfigurationPlatforms) = preSolution
		Debug|Any CPU = Debug|Any CPU
		Release|Any CPU = Release|Any CPU
	EndGlobalSection
	GlobalSection(ProjectConfigurationPlatforms) = postSolution
		{C9D90993-220B-E5CC-4DEA-BA6F3BCC5D3A}.Debug|Any CPU.ActiveCfg = Debug|Any CPU
		{C9D90993-220B-E5CC-4DEA-BA6F3BCC5D3A}.Debug|Any CPU.Build.0 = Debug|Any CPU
		{C9D90993-220B-E5CC-4DEA-BA6F3BCC5D3A}.Release|Any CPU.ActiveCfg = Release|Any CPU
		{C9D90993-220B-E5CC-4DEA-BA6F3BCC5D3A}.Release|Any CPU.Build.0 = Release|Any CPU
		{270FFABA-6E38-2789-D309-8A68FCE632A1}.Debug|Any CPU.ActiveCfg = Debug|Any CPU
		{270FFABA-6E38-2789-D309-8A68FCE632A1}.Debug|Any CPU.Build.0 = Debug|Any CPU
		{270FFABA-6E38-2789-D309-8A68FCE632A1}.Release|Any CPU.ActiveCfg = Release|Any CPU
		{270FFABA-6E38-2789-D309-8A68FCE632A1}.Release|Any CPU.Build.0 = Release|Any CPU
		{0456A56D-DC43-9E58-D751-B89F5EC9C135}.Debug|Any CPU.ActiveCfg = Debug|Any CPU
		{0456A56D-DC43-9E58-D751-B89F5EC9C135}.Debug|Any CPU.Build.0 = Debug|Any CPU
		{0456A56D-DC43-9E58-D751-B89F5EC9C135}.Release|Any CPU.ActiveCfg = Release|Any CPU
		{0456A56D-DC43-9E58-D751-B89F5EC9C135}.Release|Any CPU.Build.0 = Release|Any CPU
		{482144E6-71AD-7489-80A8-D5C99058DF61}.Debug|Any CPU.ActiveCfg = Debug|Any CPU
		{482144E6-71AD-7489-80A8-D5C99058DF61}.Debug|Any CPU.Build.0 = Debug|Any CPU
		{482144E6-71AD-7489-80A8-D5C99058DF61}.Release|Any CPU.ActiveCfg = Release|Any CPU
		{482144E6-71AD-7489-80A8-D5C99058DF61}.Release|Any CPU.Build.0 = Release|Any CPU
	EndGlobalSection
	GlobalSection(SolutionProperties) = preSolution
		HideSolutionNode = FALSE
	EndGlobalSection
EndGlobal
